
Microsoft Visual Studio Solution File, Format Version 12.00
# Visual Studio Version 16
VisualStudioVersion = 16.0.32002.222
MinimumVisualStudioVersion = 10.0.40219.1
Project("{FAE04EC0-301F-11D3-BF4B-00C04F79EFBC}") = "GoogleProducts", "GoogleProducts\GoogleProducts.csproj", "{80EE6A6C-D829-45D8-A82C-7D1B8B72C6EF}"
EndProject
Global
	GlobalSection(SolutionConfigurationPlatforms) = preSolution
		Debug|Any CPU = Debug|Any CPU
		Release|Any CPU = Release|Any CPU
	EndGlobalSection
	GlobalSection(ProjectConfigurationPlatforms) = postSolution
		{80EE6A6C-D829-45D8-A82C-7D1B8B72C6EF}.Debug|Any CPU.ActiveCfg = Debug|Any CPU
		{80EE6A6C-D829-45D8-A82C-7D1B8B72C6EF}.Debug|Any CPU.Build.0 = Debug|Any CPU
		{80EE6A6C-D829-45D8-A82C-7D1B8B72C6EF}.Release|Any CPU.ActiveCfg = Release|Any CPU
		{80EE6A6C-D829-45D8-A82C-7D1B8B72C6EF}.Release|Any CPU.Build.0 = Release|Any CPU
	EndGlobalSection
	GlobalSection(SolutionProperties) = preSolution
		HideSolutionNode = FALSE
	EndGlobalSection
	GlobalSection(ExtensibilityGlobals) = postSolution
		SolutionGuid = {5F447AF0-7326-4851-A8DD-DDB5DA1748A8}
	EndGlobalSection
EndGlobal
